
Microsoft Visual Studio Solution File, Format Version 12.00
# Visual Studio Version 17
VisualStudioVersion = 17.3.32929.385
MinimumVisualStudioVersion = 10.0.40219.1
Project("{FAE04EC0-301F-11D3-BF4B-00C04F79EFBC}") = "inspecciontipos", "inspecciontipos.csproj", "{A6B7B75A-EDB0-44CA-B8BA-C93E6612600D}"
EndProject
Global
	GlobalSection(SolutionConfigurationPlatforms) = preSolution
		Debug|Any CPU = Debug|Any CPU
		Release|Any CPU = Release|Any CPU
	EndGlobalSection
	GlobalSection(ProjectConfigurationPlatforms) = postSolution
		{A6B7B75A-EDB0-44CA-B8BA-C93E6612600D}.Debug|Any CPU.ActiveCfg = Debug|Any CPU
		{A6B7B75A-EDB0-44CA-B8BA-C93E6612600D}.Debug|Any CPU.Build.0 = Debug|Any CPU
		{A6B7B75A-EDB0-44CA-B8BA-C93E6612600D}.Release|Any CPU.ActiveCfg = Release|Any CPU
		{A6B7B75A-EDB0-44CA-B8BA-C93E6612600D}.Release|Any CPU.Build.0 = Release|Any CPU
	EndGlobalSection
	GlobalSection(SolutionProperties) = preSolution
		HideSolutionNode = FALSE
	EndGlobalSection
	GlobalSection(ExtensibilityGlobals) = postSolution
		SolutionGuid = {114BB64F-3BF5-4875-BEC5-A97A263DCC75}
	EndGlobalSection
EndGlobal
