
Microsoft Visual Studio Solution File, Format Version 12.00
# Visual Studio Version 17
VisualStudioVersion = 17.3.32929.385
MinimumVisualStudioVersion = 10.0.40219.1
Project("{FAE04EC0-301F-11D3-BF4B-00C04F79EFBC}") = "idisposable", "idisposable.csproj", "{073E5F68-7810-474A-91EE-A4A4B6EB4475}"
EndProject
Global
	GlobalSection(SolutionConfigurationPlatforms) = preSolution
		Debug|Any CPU = Debug|Any CPU
		Release|Any CPU = Release|Any CPU
	EndGlobalSection
	GlobalSection(ProjectConfigurationPlatforms) = postSolution
		{073E5F68-7810-474A-91EE-A4A4B6EB4475}.Debug|Any CPU.ActiveCfg = Debug|Any CPU
		{073E5F68-7810-474A-91EE-A4A4B6EB4475}.Debug|Any CPU.Build.0 = Debug|Any CPU
		{073E5F68-7810-474A-91EE-A4A4B6EB4475}.Release|Any CPU.ActiveCfg = Release|Any CPU
		{073E5F68-7810-474A-91EE-A4A4B6EB4475}.Release|Any CPU.Build.0 = Release|Any CPU
	EndGlobalSection
	GlobalSection(SolutionProperties) = preSolution
		HideSolutionNode = FALSE
	EndGlobalSection
	GlobalSection(ExtensibilityGlobals) = postSolution
		SolutionGuid = {6A80470B-BEFF-41E0-A635-19DD50C4D160}
	EndGlobalSection
EndGlobal
